
Microsoft Visual Studio Solution File, Format Version 12.00
# Visual Studio Version 16
VisualStudioVersion = 16.0.29609.76
MinimumVisualStudioVersion = 10.0.40219.1
Project("{FAE04EC0-301F-11D3-BF4B-00C04F79EFBC}") = "kostroEugenDrugiZadatak", "kostroEugenPrviZadatak\kostroEugenDrugiZadatak.csproj", "{452C7B3F-E333-4013-B687-F1C268ADA43D}"
EndProject
Global
	GlobalSection(SolutionConfigurationPlatforms) = preSolution
		Debug|Any CPU = Debug|Any CPU
		Release|Any CPU = Release|Any CPU
	EndGlobalSection
	GlobalSection(ProjectConfigurationPlatforms) = postSolution
		{452C7B3F-E333-4013-B687-F1C268ADA43D}.Debug|Any CPU.ActiveCfg = Debug|Any CPU
		{452C7B3F-E333-4013-B687-F1C268ADA43D}.Debug|Any CPU.Build.0 = Debug|Any CPU
		{452C7B3F-E333-4013-B687-F1C268ADA43D}.Release|Any CPU.ActiveCfg = Release|Any CPU
		{452C7B3F-E333-4013-B687-F1C268ADA43D}.Release|Any CPU.Build.0 = Release|Any CPU
	EndGlobalSection
	GlobalSection(SolutionProperties) = preSolution
		HideSolutionNode = FALSE
	EndGlobalSection
	GlobalSection(ExtensibilityGlobals) = postSolution
		SolutionGuid = {04E7D2F1-8DE3-4661-A8E6-C2EE99824E2F}
	EndGlobalSection
EndGlobal
